<?xml version="1.0" encoding="utf-8"?>
<Project xmlns="http://schemas.microsoft.com/developer/msbuild/2003" ToolsVersion="4.0">
  <ItemGroup>
    <Filter Include="Header Files">
      <UniqueIdentifier>{93995380-89BD-4b04-88EB-625FBE52EBFB}</UniqueIdentifier>
      <Extensions>h;hpp;hxx;hm;inl;inc;xsd</Extensions>
    </Filter>
    <Filter Include="Source Files">
      <UniqueIdentifier>{4FC737F1-C7A5-4376-A066-2A32D752A2FF}</UniqueIdentifier>
      <Extensions>cpp;c;cc;cxx;def;odl;idl;hpj;bat;asm;asmx</Extensions>
    </Filter>
  </ItemGroup>
  <ItemGroup>
    <ClCompile Include="AutoKillFilter.cpp">
      <Filter>Source Files</Filter>
    </ClCompile>
    <ClCompile Include="AutoLoginFilter.cpp">
      <Filter>Source Files</Filter>
    </ClCompile>
    <ClCompile Include="AutoPickupFilter.cpp">
      <Filter>Source Files</Filter>
    </ClCompile>
    <ClCompile Include="AutoPotFilter.cpp">
      <Filter>Source Files</Filter>
    </ClCompile>
    <ClCompile Include="AutosayFilter.cpp">
      <Filter>Source Files</Filter>
    </ClCompile>
    <ClCompile Include="AutosayParser.cpp">
      <Filter>Source Files</Filter>
    </ClCompile>
    <ClCompile Include="CharInfoFilter.cpp">
      <Filter>Source Files</Filter>
    </ClCompile>
    <ClCompile Include="CommandHandler.cpp">
      <Filter>Source Files</Filter>
    </ClCompile>
    <ClCompile Include="CommandInterface.cpp">
      <Filter>Source Files</Filter>
    </ClCompile>
    <ClCompile Include="..\_Shared\CommonPackets.cpp">
      <Filter>Source Files</Filter>
    </ClCompile>
    <ClCompile Include="..\_Shared\EncDec.cpp">
      <Filter>Source Files</Filter>
    </ClCompile>
    <ClCompile Include="FastMoveFilter.cpp">
      <Filter>Source Files</Filter>
    </ClCompile>
    <ClCompile Include="GameCommands.cpp">
      <Filter>Source Files</Filter>
    </ClCompile>
    <ClCompile Include="GameProxy.cpp">
      <Filter>Source Files</Filter>
    </ClCompile>
    <ClCompile Include="InventoryManagerFilter.cpp">
      <Filter>Source Files</Filter>
    </ClCompile>
    <ClCompile Include="LordOfMUdll.cpp">
      <Filter>Source Files</Filter>
    </ClCompile>
    <ClCompile Include="MultihitPacketFilter.cpp">
      <Filter>Source Files</Filter>
    </ClCompile>
    <ClCompile Include="..\_Shared\Packet.cpp">
      <Filter>Source Files</Filter>
    </ClCompile>
    <ClCompile Include="PacketDecryptFilter.cpp">
      <Filter>Source Files</Filter>
    </ClCompile>
    <ClCompile Include="PacketEncryptFilter.cpp">
      <Filter>Source Files</Filter>
    </ClCompile>
    <ClCompile Include="PacketFilter.cpp">
      <Filter>Source Files</Filter>
    </ClCompile>
    <ClCompile Include="PacketLogger.cpp">
      <Filter>Source Files</Filter>
    </ClCompile>
    <ClCompile Include="..\_Shared\PacketParser.cpp">
      <Filter>Source Files</Filter>
    </ClCompile>
    <ClCompile Include="PacketQueue.cpp">
      <Filter>Source Files</Filter>
    </ClCompile>
    <ClCompile Include="..\_Shared\PacketType.cpp">
      <Filter>Source Files</Filter>
    </ClCompile>
    <ClCompile Include="ProtocolDetectFilter.cpp">
      <Filter>Source Files</Filter>
    </ClCompile>
    <ClCompile Include="ProxyBuilder.cpp">
      <Filter>Source Files</Filter>
    </ClCompile>
    <ClCompile Include="RecordRoutePacketFilter.cpp">
      <Filter>Source Files</Filter>
    </ClCompile>
    <ClCompile Include="ReflectPacketFilter.cpp">
      <Filter>Source Files</Filter>
    </ClCompile>
    <ClCompile Include="ScriptCommands.cpp">
      <Filter>Source Files</Filter>
    </ClCompile>
    <ClCompile Include="ScriptParser.cpp">
      <Filter>Source Files</Filter>
    </ClCompile>
    <ClCompile Include="ScriptProcessorFilter.cpp">
      <Filter>Source Files</Filter>
    </ClCompile>
    <ClCompile Include="stdafx.cpp">
      <Filter>Source Files</Filter>
    </ClCompile>
  </ItemGroup>
  <ItemGroup>
    <ClInclude Include="AutoKillFilter.h">
      <Filter>Header Files</Filter>
    </ClInclude>
    <ClInclude Include="AutoLoginFilter.h">
      <Filter>Header Files</Filter>
    </ClInclude>
    <ClInclude Include="AutoPickupFilter.h">
      <Filter>Header Files</Filter>
    </ClInclude>
    <ClInclude Include="AutoPotFilter.h">
      <Filter>Header Files</Filter>
    </ClInclude>
    <ClInclude Include="AutosayFilter.h">
      <Filter>Header Files</Filter>
    </ClInclude>
    <ClInclude Include="AutosayParser.h">
      <Filter>Header Files</Filter>
    </ClInclude>
    <ClInclude Include="..\_Shared\base64.h">
      <Filter>Header Files</Filter>
    </ClInclude>
    <ClInclude Include="..\_Shared\BufferUtil.h">
      <Filter>Header Files</Filter>
    </ClInclude>
    <ClInclude Include="CharInfoFilter.h">
      <Filter>Header Files</Filter>
    </ClInclude>
    <ClInclude Include="CommandHandler.h">
      <Filter>Header Files</Filter>
    </ClInclude>
    <ClInclude Include="CommandInterface.h">
      <Filter>Header Files</Filter>
    </ClInclude>
    <ClInclude Include="..\_Shared\CommonPackets.h">
      <Filter>Header Files</Filter>
    </ClInclude>
    <ClInclude Include="..\_Shared\CommonPacketsMacros.h">
      <Filter>Header Files</Filter>
    </ClInclude>
    <ClInclude Include="..\_Shared\ConnectionInterface.h">
      <Filter>Header Files</Filter>
    </ClInclude>
    <ClInclude Include="..\_Shared\DebugOut.h">
      <Filter>Header Files</Filter>
    </ClInclude>
    <ClInclude Include="..\_Shared\EncDec.h">
      <Filter>Header Files</Filter>
    </ClInclude>
    <ClInclude Include="FastMoveFilter.h">
      <Filter>Header Files</Filter>
    </ClInclude>
    <ClInclude Include="FilterContext.h">
      <Filter>Header Files</Filter>
    </ClInclude>
    <ClInclude Include="GameCommands.h">
      <Filter>Header Files</Filter>
    </ClInclude>
    <ClInclude Include="GameProxy.h">
      <Filter>Header Files</Filter>
    </ClInclude>
    <ClInclude Include="InventoryManagerFilter.h">
      <Filter>Header Files</Filter>
    </ClInclude>
    <ClInclude Include="LordOfMUdll.h">
      <Filter>Header Files</Filter>
    </ClInclude>
    <ClInclude Include="MultihitPacketFilter.h">
      <Filter>Header Files</Filter>
    </ClInclude>
    <ClInclude Include="..\_Shared\Packet.h">
      <Filter>Header Files</Filter>
    </ClInclude>
    <ClInclude Include="PacketDecryptFilter.h">
      <Filter>Header Files</Filter>
    </ClInclude>
    <ClInclude Include="PacketEncryptFilter.h">
      <Filter>Header Files</Filter>
    </ClInclude>
    <ClInclude Include="PacketFilter.h">
      <Filter>Header Files</Filter>
    </ClInclude>
    <ClInclude Include="PacketLogger.h">
      <Filter>Header Files</Filter>
    </ClInclude>
    <ClInclude Include="..\_Shared\PacketParser.h">
      <Filter>Header Files</Filter>
    </ClInclude>
    <ClInclude Include="PacketQueue.h">
      <Filter>Header Files</Filter>
    </ClInclude>
    <ClInclude Include="..\_Shared\PacketType.h">
      <Filter>Header Files</Filter>
    </ClInclude>
    <ClInclude Include="ProtocolDetectFilter.h">
      <Filter>Header Files</Filter>
    </ClInclude>
    <ClInclude Include="..\_Shared\ProtocolSettings.h">
      <Filter>Header Files</Filter>
    </ClInclude>
    <ClInclude Include="Proxy.h">
      <Filter>Header Files</Filter>
    </ClInclude>
    <ClInclude Include="ProxyBuilder.h">
      <Filter>Header Files</Filter>
    </ClInclude>
    <ClInclude Include="RecordRoutePacketFilter.h">
      <Filter>Header Files</Filter>
    </ClInclude>
    <ClInclude Include="ReflectPacketFilter.h">
      <Filter>Header Files</Filter>
    </ClInclude>
    <ClInclude Include="ScriptCommands.h">
      <Filter>Header Files</Filter>
    </ClInclude>
    <ClInclude Include="ScriptParser.h">
      <Filter>Header Files</Filter>
    </ClInclude>
    <ClInclude Include="ScriptProcessorFilter.h">
      <Filter>Header Files</Filter>
    </ClInclude>
    <ClInclude Include="stdafx.h">
      <Filter>Header Files</Filter>
    </ClInclude>
    <ClInclude Include="..\_Shared\StdCallThunk.h">
      <Filter>Header Files</Filter>
    </ClInclude>
    <ClInclude Include="..\_Shared\version.h">
      <Filter>Header Files</Filter>
    </ClInclude>
  </ItemGroup>
</Project>
